
Microsoft Visual Studio Solution File, Format Version 11.00
# Visual Studio 2010
Project("{FAE04EC0-301F-11D3-BF4B-00C04F79EFBC}") = "EdytorObrazow", "EdytorObrazow\EdytorObrazow.csproj", "{AF9A2F26-1106-4DF1-B3B9-850BAF8ACCE0}"
EndProject
Global
	GlobalSection(SolutionConfigurationPlatforms) = preSolution
		Debug|x86 = Debug|x86
		Release|x86 = Release|x86
	EndGlobalSection
	GlobalSection(ProjectConfigurationPlatforms) = postSolution
		{AF9A2F26-1106-4DF1-B3B9-850BAF8ACCE0}.Debug|x86.ActiveCfg = Debug|x86
		{AF9A2F26-1106-4DF1-B3B9-850BAF8ACCE0}.Debug|x86.Build.0 = Debug|x86
		{AF9A2F26-1106-4DF1-B3B9-850BAF8ACCE0}.Release|x86.ActiveCfg = Release|x86
		{AF9A2F26-1106-4DF1-B3B9-850BAF8ACCE0}.Release|x86.Build.0 = Release|x86
	EndGlobalSection
	GlobalSection(SolutionProperties) = preSolution
		HideSolutionNode = FALSE
	EndGlobalSection
EndGlobal
